
Microsoft Visual Studio Solution File, Format Version 12.00
# Visual Studio 2012
Project("{FAE04EC0-301F-11D3-BF4B-00C04F79EFBC}") = "FacebookHackerCup2014", "FacebookHackerCup2014\FacebookHackerCup2014.csproj", "{201F90AE-9797-4DAC-8507-0C0CAA0EB4AA}"
EndProject
Global
	GlobalSection(SolutionConfigurationPlatforms) = preSolution
		Debug|Any CPU = Debug|Any CPU
		Release|Any CPU = Release|Any CPU
	EndGlobalSection
	GlobalSection(ProjectConfigurationPlatforms) = postSolution
		{201F90AE-9797-4DAC-8507-0C0CAA0EB4AA}.Debug|Any CPU.ActiveCfg = Debug|Any CPU
		{201F90AE-9797-4DAC-8507-0C0CAA0EB4AA}.Debug|Any CPU.Build.0 = Debug|Any CPU
		{201F90AE-9797-4DAC-8507-0C0CAA0EB4AA}.Release|Any CPU.ActiveCfg = Release|Any CPU
		{201F90AE-9797-4DAC-8507-0C0CAA0EB4AA}.Release|Any CPU.Build.0 = Release|Any CPU
	EndGlobalSection
	GlobalSection(SolutionProperties) = preSolution
		HideSolutionNode = FALSE
	EndGlobalSection
EndGlobal
